
Microsoft Visual Studio Solution File, Format Version 12.00
# Visual Studio 15
VisualStudioVersion = 15.0.28010.2036
MinimumVisualStudioVersion = 10.0.40219.1
Project("{FAE04EC0-301F-11D3-BF4B-00C04F79EFBC}") = "TheatreApp", "TheatreApp.csproj", "{463A0B18-D9AF-4704-A343-C9C83418FA98}"
EndProject
Global
	GlobalSection(SolutionConfigurationPlatforms) = preSolution
		Debug|Any CPU = Debug|Any CPU
		Release|Any CPU = Release|Any CPU
	EndGlobalSection
	GlobalSection(ProjectConfigurationPlatforms) = postSolution
		{463A0B18-D9AF-4704-A343-C9C83418FA98}.Debug|Any CPU.ActiveCfg = Debug|Any CPU
		{463A0B18-D9AF-4704-A343-C9C83418FA98}.Debug|Any CPU.Build.0 = Debug|Any CPU
		{463A0B18-D9AF-4704-A343-C9C83418FA98}.Release|Any CPU.ActiveCfg = Release|Any CPU
		{463A0B18-D9AF-4704-A343-C9C83418FA98}.Release|Any CPU.Build.0 = Release|Any CPU
	EndGlobalSection
	GlobalSection(SolutionProperties) = preSolution
		HideSolutionNode = FALSE
	EndGlobalSection
	GlobalSection(ExtensibilityGlobals) = postSolution
		SolutionGuid = {962B8C94-077D-49C4-8E07-E1A98067258E}
	EndGlobalSection
EndGlobal
